
Microsoft Visual Studio Solution File, Format Version 12.00
# Visual Studio Version 17
VisualStudioVersion = 17.7.34031.279
MinimumVisualStudioVersion = 10.0.40219.1
Project("{FAE04EC0-301F-11D3-BF4B-00C04F79EFBC}") = "oopinheritance", "oopinheritance.csproj", "{1DC66DDD-B5B1-424D-829D-15B73ABE1589}"
EndProject
Global
	GlobalSection(SolutionConfigurationPlatforms) = preSolution
		Debug|Any CPU = Debug|Any CPU
		Release|Any CPU = Release|Any CPU
	EndGlobalSection
	GlobalSection(ProjectConfigurationPlatforms) = postSolution
		{1DC66DDD-B5B1-424D-829D-15B73ABE1589}.Debug|Any CPU.ActiveCfg = Debug|Any CPU
		{1DC66DDD-B5B1-424D-829D-15B73ABE1589}.Debug|Any CPU.Build.0 = Debug|Any CPU
		{1DC66DDD-B5B1-424D-829D-15B73ABE1589}.Release|Any CPU.ActiveCfg = Release|Any CPU
		{1DC66DDD-B5B1-424D-829D-15B73ABE1589}.Release|Any CPU.Build.0 = Release|Any CPU
	EndGlobalSection
	GlobalSection(SolutionProperties) = preSolution
		HideSolutionNode = FALSE
	EndGlobalSection
	GlobalSection(ExtensibilityGlobals) = postSolution
		SolutionGuid = {86770916-FA28-4CAA-B990-A2A37CDA93BF}
	EndGlobalSection
EndGlobal
